
Microsoft Visual Studio Solution File, Format Version 12.00
# Visual Studio Version 16
VisualStudioVersion = 16.0.32602.291
MinimumVisualStudioVersion = 10.0.40219.1
Project("{FAE04EC0-301F-11D3-BF4B-00C04F79EFBC}") = "TravelProject", "TravelProject\TravelProject.csproj", "{1298E185-C120-40D3-AE44-03BCA0EC07B7}"
EndProject
Global
	GlobalSection(SolutionConfigurationPlatforms) = preSolution
		Debug|Any CPU = Debug|Any CPU
		Release|Any CPU = Release|Any CPU
	EndGlobalSection
	GlobalSection(ProjectConfigurationPlatforms) = postSolution
		{1298E185-C120-40D3-AE44-03BCA0EC07B7}.Debug|Any CPU.ActiveCfg = Debug|Any CPU
		{1298E185-C120-40D3-AE44-03BCA0EC07B7}.Debug|Any CPU.Build.0 = Debug|Any CPU
		{1298E185-C120-40D3-AE44-03BCA0EC07B7}.Release|Any CPU.ActiveCfg = Release|Any CPU
		{1298E185-C120-40D3-AE44-03BCA0EC07B7}.Release|Any CPU.Build.0 = Release|Any CPU
	EndGlobalSection
	GlobalSection(SolutionProperties) = preSolution
		HideSolutionNode = FALSE
	EndGlobalSection
	GlobalSection(ExtensibilityGlobals) = postSolution
		SolutionGuid = {9715C165-34D5-4D09-A4E6-B9F8EE99B4DF}
	EndGlobalSection
EndGlobal
